
Microsoft Visual Studio Solution File, Format Version 12.00
# Visual Studio Version 17
VisualStudioVersion = 17.7.34202.233
MinimumVisualStudioVersion = 10.0.40219.1
Project("{9A19103F-16F7-4668-BE54-9A1E7A4F7556}") = "tugbaninnesneodevi", "tugbanınnesne\tugbaninnesneodevi.csproj", "{564C0C3C-2326-4F68-A55F-C1A4F3B9E33C}"
EndProject
Global
	GlobalSection(SolutionConfigurationPlatforms) = preSolution
		Debug|Any CPU = Debug|Any CPU
		Release|Any CPU = Release|Any CPU
	EndGlobalSection
	GlobalSection(ProjectConfigurationPlatforms) = postSolution
		{564C0C3C-2326-4F68-A55F-C1A4F3B9E33C}.Debug|Any CPU.ActiveCfg = Debug|Any CPU
		{564C0C3C-2326-4F68-A55F-C1A4F3B9E33C}.Debug|Any CPU.Build.0 = Debug|Any CPU
		{564C0C3C-2326-4F68-A55F-C1A4F3B9E33C}.Release|Any CPU.ActiveCfg = Release|Any CPU
		{564C0C3C-2326-4F68-A55F-C1A4F3B9E33C}.Release|Any CPU.Build.0 = Release|Any CPU
	EndGlobalSection
	GlobalSection(SolutionProperties) = preSolution
		HideSolutionNode = FALSE
	EndGlobalSection
	GlobalSection(ExtensibilityGlobals) = postSolution
		SolutionGuid = {78FB05D5-4A82-45EF-BC03-DFCC3C2D1B54}
	EndGlobalSection
EndGlobal
